{
  "name": "react-native-video-player",
  "version": "0.10.0",
  "lockfileVersion": 1,
  "requires": true,
  "dependencies": {
    "react-native-thumbnail-video": {
      "version": "0.1.2",
      "resolved": "https://registry.npmjs.org/react-native-thumbnail-video/-/react-native-thumbnail-video-0.1.2.tgz",
      "integrity": "sha512-+dD8dIUxiZz/QaL+gOtmb3Co/VE0MK5s8el9fYXpuEZbQu882voz7ALJmEn5o7A62sDTT3mpR2UF1V0ioXTFKA=="
    }
  }
}
